
Microsoft Visual Studio Solution File, Format Version 12.00
# Visual Studio Version 17
VisualStudioVersion = 17.5.33627.172
MinimumVisualStudioVersion = 10.0.40219.1
Project("{FAE04EC0-301F-11D3-BF4B-00C04F79EFBC}") = "AuthTwoFactorApi", "AuthTwoFactorApi\AuthTwoFactorApi.csproj", "{D8C28957-CA46-4381-B23B-D3113AB8467D}"
EndProject
Project("{FAE04EC0-301F-11D3-BF4B-00C04F79EFBC}") = "AuthTwoFactorApi.domain", "AuthTwoFactorApi.domain\AuthTwoFactorApi.domain.csproj", "{3F693A37-58B9-42C6-A93D-1A56DE58F5BD}"
EndProject
Project("{FAE04EC0-301F-11D3-BF4B-00C04F79EFBC}") = "AuthTwoFactorApi.Repository", "AuthTwoFactorApi.Repository\AuthTwoFactorApi.Repository.csproj", "{54BF230B-FF5E-4383-A248-80265A4A959E}"
EndProject
Global
	GlobalSection(SolutionConfigurationPlatforms) = preSolution
		Debug|Any CPU = Debug|Any CPU
		Release|Any CPU = Release|Any CPU
	EndGlobalSection
	GlobalSection(ProjectConfigurationPlatforms) = postSolution
		{D8C28957-CA46-4381-B23B-D3113AB8467D}.Debug|Any CPU.ActiveCfg = Debug|Any CPU
		{D8C28957-CA46-4381-B23B-D3113AB8467D}.Debug|Any CPU.Build.0 = Debug|Any CPU
		{D8C28957-CA46-4381-B23B-D3113AB8467D}.Release|Any CPU.ActiveCfg = Release|Any CPU
		{D8C28957-CA46-4381-B23B-D3113AB8467D}.Release|Any CPU.Build.0 = Release|Any CPU
		{3F693A37-58B9-42C6-A93D-1A56DE58F5BD}.Debug|Any CPU.ActiveCfg = Debug|Any CPU
		{3F693A37-58B9-42C6-A93D-1A56DE58F5BD}.Debug|Any CPU.Build.0 = Debug|Any CPU
		{3F693A37-58B9-42C6-A93D-1A56DE58F5BD}.Release|Any CPU.ActiveCfg = Release|Any CPU
		{3F693A37-58B9-42C6-A93D-1A56DE58F5BD}.Release|Any CPU.Build.0 = Release|Any CPU
		{54BF230B-FF5E-4383-A248-80265A4A959E}.Debug|Any CPU.ActiveCfg = Debug|Any CPU
		{54BF230B-FF5E-4383-A248-80265A4A959E}.Debug|Any CPU.Build.0 = Debug|Any CPU
		{54BF230B-FF5E-4383-A248-80265A4A959E}.Release|Any CPU.ActiveCfg = Release|Any CPU
		{54BF230B-FF5E-4383-A248-80265A4A959E}.Release|Any CPU.Build.0 = Release|Any CPU
	EndGlobalSection
	GlobalSection(SolutionProperties) = preSolution
		HideSolutionNode = FALSE
	EndGlobalSection
	GlobalSection(ExtensibilityGlobals) = postSolution
		SolutionGuid = {228D5155-7D65-419E-89B8-B9954E1FE102}
	EndGlobalSection
EndGlobal
